// !$*UTF8*$!
{
	archiveVersion = 1;
	classes = {
	};
	objectVersion = 46;
	objects = {

/* Begin PBXBuildFile section */
		2FF744751F93EEDC009115D0 /* main.swift in Sources */ = {isa = PBXBuildFile; fileRef = 2FF744741F93EEDC009115D0 /* main.swift */; };
		2FF7447C1F93F3D0009115D0 /* patients.swift in Sources */ = {isa = PBXBuildFile; fileRef = 2FF7447B1F93F3D0009115D0 /* patients.swift */; };
		2FF7447E1F93F3E3009115D0 /* doctors.swift in Sources */ = {isa = PBXBuildFile; fileRef = 2FF7447D1F93F3E3009115D0 /* doctors.swift */; };
		2FF744801F93F3F6009115D0 /* patientin.swift in Sources */ = {isa = PBXBuildFile; fileRef = 2FF7447F1F93F3F6009115D0 /* patientin.swift */; };
		2FF744821F93F447009115D0 /* patientout.swift in Sources */ = {isa = PBXBuildFile; fileRef = 2FF744811F93F447009115D0 /* patientout.swift */; };
		2FF744841F93F4E9009115D0 /* department.swift in Sources */ = {isa = PBXBuildFile; fileRef = 2FF744831F93F4E9009115D0 /* department.swift */; };
		2FF744861F93F55F009115D0 /* bill.swift in Sources */ = {isa = PBXBuildFile; fileRef = 2FF744851F93F55F009115D0 /* bill.swift */; };
		2FF744881F93F58C009115D0 /* facuity_depart.swift in Sources */ = {isa = PBXBuildFile; fileRef = 2FF744871F93F58C009115D0 /* facuity_depart.swift */; };
		2FF7448A1F93F5CD009115D0 /* Disese.swift in Sources */ = {isa = PBXBuildFile; fileRef = 2FF744891F93F5CD009115D0 /* Disese.swift */; };
		2FF7448C1F93F5E3009115D0 /* room.swift in Sources */ = {isa = PBXBuildFile; fileRef = 2FF7448B1F93F5E3009115D0 /* room.swift */; };
		2FF7448E1F93F5FE009115D0 /* evaluation.swift in Sources */ = {isa = PBXBuildFile; fileRef = 2FF7448D1F93F5FE009115D0 /* evaluation.swift */; };
		2FF744901F93F663009115D0 /* facuity.swift in Sources */ = {isa = PBXBuildFile; fileRef = 2FF7448F1F93F663009115D0 /* facuity.swift */; };
/* End PBXBuildFile section */

/* Begin PBXCopyFilesBuildPhase section */
		2FF7446F1F93EEDC009115D0 /* CopyFiles */ = {
			isa = PBXCopyFilesBuildPhase;
			buildActionMask = 2147483647;
			dstPath = /usr/share/man/man1/;
			dstSubfolderSpec = 0;
			files = (
			);
			runOnlyForDeploymentPostprocessing = 1;
		};
/* End PBXCopyFilesBuildPhase section */

/* Begin PBXFileReference section */
		2FF744711F93EEDC009115D0 /* SwiftDatabaseProject */ = {isa = PBXFileReference; explicitFileType = "compiled.mach-o.executable"; includeInIndex = 0; path = SwiftDatabaseProject; sourceTree = BUILT_PRODUCTS_DIR; };
		2FF744741F93EEDC009115D0 /* main.swift */ = {isa = PBXFileReference; lastKnownFileType = sourcecode.swift; path = main.swift; sourceTree = "<group>"; };
		2FF7447B1F93F3D0009115D0 /* patients.swift */ = {isa = PBXFileReference; fileEncoding = 4; lastKnownFileType = sourcecode.swift; path = patients.swift; sourceTree = "<group>"; };
		2FF7447D1F93F3E3009115D0 /* doctors.swift */ = {isa = PBXFileReference; fileEncoding = 4; lastKnownFileType = sourcecode.swift; path = doctors.swift; sourceTree = "<group>"; };
		2FF7447F1F93F3F6009115D0 /* patientin.swift */ = {isa = PBXFileReference; fileEncoding = 4; lastKnownFileType = sourcecode.swift; path = patientin.swift; sourceTree = "<group>"; };
		2FF744811F93F447009115D0 /* patientout.swift */ = {isa = PBXFileReference; fileEncoding = 4; lastKnownFileType = sourcecode.swift; path = patientout.swift; sourceTree = "<group>"; };
		2FF744831F93F4E9009115D0 /* department.swift */ = {isa = PBXFileReference; fileEncoding = 4; lastKnownFileType = sourcecode.swift; path = department.swift; sourceTree = "<group>"; };
		2FF744851F93F55F009115D0 /* bill.swift */ = {isa = PBXFileReference; fileEncoding = 4; lastKnownFileType = sourcecode.swift; path = bill.swift; sourceTree = "<group>"; };
		2FF744871F93F58C009115D0 /* facuity_depart.swift */ = {isa = PBXFileReference; fileEncoding = 4; lastKnownFileType = sourcecode.swift; path = facuity_depart.swift; sourceTree = "<group>"; };
		2FF744891F93F5CD009115D0 /* Disese.swift */ = {isa = PBXFileReference; fileEncoding = 4; lastKnownFileType = sourcecode.swift; path = Disese.swift; sourceTree = "<group>"; };
		2FF7448B1F93F5E3009115D0 /* room.swift */ = {isa = PBXFileReference; fileEncoding = 4; lastKnownFileType = sourcecode.swift; path = room.swift; sourceTree = "<group>"; };
		2FF7448D1F93F5FE009115D0 /* evaluation.swift */ = {isa = PBXFileReference; fileEncoding = 4; lastKnownFileType = sourcecode.swift; path = evaluation.swift; sourceTree = "<group>"; };
		2FF7448F1F93F663009115D0 /* facuity.swift */ = {isa = PBXFileReference; fileEncoding = 4; lastKnownFileType = sourcecode.swift; path = facuity.swift; sourceTree = "<group>"; };
/* End PBXFileReference section */

/* Begin PBXFrameworksBuildPhase section */
		2FF7446E1F93EEDC009115D0 /* Frameworks */ = {
			isa = PBXFrameworksBuildPhase;
			buildActionMask = 2147483647;
			files = (
			);
			runOnlyForDeploymentPostprocessing = 0;
		};
/* End PBXFrameworksBuildPhase section */

/* Begin PBXGroup section */
		2FF744681F93EEDC009115D0 = {
			isa = PBXGroup;
			children = (
				2FF744731F93EEDC009115D0 /* SwiftDatabaseProject */,
				2FF744721F93EEDC009115D0 /* Products */,
			);
			sourceTree = "<group>";
		};
		2FF744721F93EEDC009115D0 /* Products */ = {
			isa = PBXGroup;
			children = (
				2FF744711F93EEDC009115D0 /* SwiftDatabaseProject */,
			);
			name = Products;
			sourceTree = "<group>";
		};
		2FF744731F93EEDC009115D0 /* SwiftDatabaseProject */ = {
			isa = PBXGroup;
			children = (
				2FF744741F93EEDC009115D0 /* main.swift */,
				2FF7447B1F93F3D0009115D0 /* patients.swift */,
				2FF7447D1F93F3E3009115D0 /* doctors.swift */,
				2FF7447F1F93F3F6009115D0 /* patientin.swift */,
				2FF744811F93F447009115D0 /* patientout.swift */,
				2FF744831F93F4E9009115D0 /* department.swift */,
				2FF744851F93F55F009115D0 /* bill.swift */,
				2FF744871F93F58C009115D0 /* facuity_depart.swift */,
				2FF744891F93F5CD009115D0 /* Disese.swift */,
				2FF7448B1F93F5E3009115D0 /* room.swift */,
				2FF7448D1F93F5FE009115D0 /* evaluation.swift */,
				2FF7448F1F93F663009115D0 /* facuity.swift */,
			);
			path = SwiftDatabaseProject;
			sourceTree = "<group>";
		};
/* End PBXGroup section */

/* Begin PBXNativeTarget section */
		2FF744701F93EEDC009115D0 /* SwiftDatabaseProject */ = {
			isa = PBXNativeTarget;
			buildConfigurationList = 2FF744781F93EEDC009115D0 /* Build configuration list for PBXNativeTarget "SwiftDatabaseProject" */;
			buildPhases = (
				2FF7446D1F93EEDC009115D0 /* Sources */,
				2FF7446E1F93EEDC009115D0 /* Frameworks */,
				2FF7446F1F93EEDC009115D0 /* CopyFiles */,
			);
			buildRules = (
			);
			dependencies = (
			);
			name = SwiftDatabaseProject;
			productName = SwiftDatabaseProject;
			productReference = 2FF744711F93EEDC009115D0 /* SwiftDatabaseProject */;
			productType = "com.apple.product-type.tool";
		};
/* End PBXNativeTarget section */

/* Begin PBXProject section */
		2FF744691F93EEDC009115D0 /* Project object */ = {
			isa = PBXProject;
			attributes = {
				LastSwiftUpdateCheck = 0830;
				LastUpgradeCheck = 0830;
				ORGANIZATIONNAME = "Randeep Singh";
				TargetAttributes = {
					2FF744701F93EEDC009115D0 = {
						CreatedOnToolsVersion = 8.3.3;
						ProvisioningStyle = Automatic;
					};
				};
			};
			buildConfigurationList = 2FF7446C1F93EEDC009115D0 /* Build configuration list for PBXProject "SwiftDatabaseProject" */;
			compatibilityVersion = "Xcode 3.2";
			developmentRegion = English;
			hasScannedForEncodings = 0;
			knownRegions = (
				en,
			);
			mainGroup = 2FF744681F93EEDC009115D0;
			productRefGroup = 2FF744721F93EEDC009115D0 /* Products */;
			projectDirPath = "";
			projectRoot = "";
			targets = (
				2FF744701F93EEDC009115D0 /* SwiftDatabaseProject */,
			);
		};
/* End PBXProject section */

/* Begin PBXSourcesBuildPhase section */
		2FF7446D1F93EEDC009115D0 /* Sources */ = {
			isa = PBXSourcesBuildPhase;
			buildActionMask = 2147483647;
			files = (
				2FF7448C1F93F5E3009115D0 /* room.swift in Sources */,
				2FF744751F93EEDC009115D0 /* main.swift in Sources */,
				2FF744841F93F4E9009115D0 /* department.swift in Sources */,
				2FF7448E1F93F5FE009115D0 /* evaluation.swift in Sources */,
				2FF744861F93F55F009115D0 /* bill.swift in Sources */,
				2FF744881F93F58C009115D0 /* facuity_depart.swift in Sources */,
				2FF7448A1F93F5CD009115D0 /* Disese.swift in Sources */,
				2FF744821F93F447009115D0 /* patientout.swift in Sources */,
				2FF7447C1F93F3D0009115D0 /* patients.swift in Sources */,
				2FF744901F93F663009115D0 /* facuity.swift in Sources */,
				2FF744801F93F3F6009115D0 /* patientin.swift in Sources */,
				2FF7447E1F93F3E3009115D0 /* doctors.swift in Sources */,
			);
			runOnlyForDeploymentPostprocessing = 0;
		};
/* End PBXSourcesBuildPhase section */

/* Begin XCBuildConfiguration section */
		2FF744761F93EEDC009115D0 /* Debug */ = {
			isa = XCBuildConfiguration;
			buildSettings = {
				ALWAYS_SEARCH_USER_PATHS = NO;
				CLANG_ANALYZER_NONNULL = YES;
				CLANG_ANALYZER_NUMBER_OBJECT_CONVERSION = YES_AGGRESSIVE;
				CLANG_CXX_LANGUAGE_STANDARD = "gnu++0x";
				CLANG_CXX_LIBRARY = "libc++";
				CLANG_ENABLE_MODULES = YES;
				CLANG_ENABLE_OBJC_ARC = YES;
				CLANG_WARN_BOOL_CONVERSION = YES;
				CLANG_WARN_CONSTANT_CONVERSION = YES;
				CLANG_WARN_DIRECT_OBJC_ISA_USAGE = YES_ERROR;
				CLANG_WARN_DOCUMENTATION_COMMENTS = YES;
				CLANG_WARN_EMPTY_BODY = YES;
				CLANG_WARN_ENUM_CONVERSION = YES;
				CLANG_WARN_INFINITE_RECURSION = YES;
				CLANG_WARN_INT_CONVERSION = YES;
				CLANG_WARN_OBJC_ROOT_CLASS = YES_ERROR;
				CLANG_WARN_SUSPICIOUS_MOVE = YES;
				CLANG_WARN_UNREACHABLE_CODE = YES;
				CLANG_WARN__DUPLICATE_METHOD_MATCH = YES;
				CODE_SIGN_IDENTITY = "-";
				COPY_PHASE_STRIP = NO;
				DEBUG_INFORMATION_FORMAT = dwarf;
				ENABLE_STRICT_OBJC_MSGSEND = YES;
				ENABLE_TESTABILITY = YES;
				GCC_C_LANGUAGE_STANDARD = gnu99;
				GCC_DYNAMIC_NO_PIC = NO;
				GCC_NO_COMMON_BLOCKS = YES;
				GCC_OPTIMIZATION_LEVEL = 0;
				GCC_PREPROCESSOR_DEFINITIONS = (
					"DEBUG=1",
					"$(inherited)",
				);
				GCC_WARN_64_TO_32_BIT_CONVERSION = YES;
				GCC_WARN_ABOUT_RETURN_TYPE = YES_ERROR;
				GCC_WARN_UNDECLARED_SELECTOR = YES;
				GCC_WARN_UNINITIALIZED_AUTOS = YES_AGGRESSIVE;
				GCC_WARN_UNUSED_FUNCTION = YES;
				GCC_WARN_UNUSED_VARIABLE = YES;
				INSTALL_OWNER = Manjit;
				MACOSX_DEPLOYMENT_TARGET = 10.12;
				MTL_ENABLE_DEBUG_INFO = YES;
				ONLY_ACTIVE_ARCH = YES;
				SDKROOT = macosx;
				SWIFT_OPTIMIZATION_LEVEL = "-Onone";
			};
			name = Debug;
		};
		2FF744771F93EEDC009115D0 /* Release */ = {
			isa = XCBuildConfiguration;
			buildSettings = {
				ALWAYS_SEARCH_USER_PATHS = NO;
				CLANG_ANALYZER_NONNULL = YES;
				CLANG_ANALYZER_NUMBER_OBJECT_CONVERSION = YES_AGGRESSIVE;
				CLANG_CXX_LANGUAGE_STANDARD = "gnu++0x";
				CLANG_CXX_LIBRARY = "libc++";
				CLANG_ENABLE_MODULES = YES;
				CLANG_ENABLE_OBJC_ARC = YES;
				CLANG_WARN_BOOL_CONVERSION = YES;
				CLANG_WARN_CONSTANT_CONVERSION = YES;
				CLANG_WARN_DIRECT_OBJC_ISA_USAGE = YES_ERROR;
				CLANG_WARN_DOCUMENTATION_COMMENTS = YES;
				CLANG_WARN_EMPTY_BODY = YES;
				CLANG_WARN_ENUM_CONVERSION = YES;
				CLANG_WARN_INFINITE_RECURSION = YES;
				CLANG_WARN_INT_CONVERSION = YES;
				CLANG_WARN_OBJC_ROOT_CLASS = YES_ERROR;
				CLANG_WARN_SUSPICIOUS_MOVE = YES;
				CLANG_WARN_UNREACHABLE_CODE = YES;
				CLANG_WARN__DUPLICATE_METHOD_MATCH = YES;
				CODE_SIGN_IDENTITY = "-";
				COPY_PHASE_STRIP = NO;
				DEBUG_INFORMATION_FORMAT = "dwarf-with-dsym";
				ENABLE_NS_ASSERTIONS = NO;
				ENABLE_STRICT_OBJC_MSGSEND = YES;
				GCC_C_LANGUAGE_STANDARD = gnu99;
				GCC_NO_COMMON_BLOCKS = YES;
				GCC_WARN_64_TO_32_BIT_CONVERSION = YES;
				GCC_WARN_ABOUT_RETURN_TYPE = YES_ERROR;
				GCC_WARN_UNDECLARED_SELECTOR = YES;
				GCC_WARN_UNINITIALIZED_AUTOS = YES_AGGRESSIVE;
				GCC_WARN_UNUSED_FUNCTION = YES;
				GCC_WARN_UNUSED_VARIABLE = YES;
				INSTALL_OWNER = Manjit;
				MACOSX_DEPLOYMENT_TARGET = 10.12;
				MTL_ENABLE_DEBUG_INFO = NO;
				SDKROOT = macosx;
			};
			name = Release;
		};
		2FF744791F93EEDC009115D0 /* Debug */ = {
			isa = XCBuildConfiguration;
			buildSettings = {
				PRODUCT_NAME = "$(TARGET_NAME)";
				SWIFT_VERSION = 3.0;
			};
			name = Debug;
		};
		2FF7447A1F93EEDC009115D0 /* Release */ = {
			isa = XCBuildConfiguration;
			buildSettings = {
				PRODUCT_NAME = "$(TARGET_NAME)";
				SWIFT_VERSION = 3.0;
			};
			name = Release;
		};
/* End XCBuildConfiguration section */

/* Begin XCConfigurationList section */
		2FF7446C1F93EEDC009115D0 /* Build configuration list for PBXProject "SwiftDatabaseProject" */ = {
			isa = XCConfigurationList;
			buildConfigurations = (
				2FF744761F93EEDC009115D0 /* Debug */,
				2FF744771F93EEDC009115D0 /* Release */,
			);
			defaultConfigurationIsVisible = 0;
			defaultConfigurationName = Release;
		};
		2FF744781F93EEDC009115D0 /* Build configuration list for PBXNativeTarget "SwiftDatabaseProject" */ = {
			isa = XCConfigurationList;
			buildConfigurations = (
				2FF744791F93EEDC009115D0 /* Debug */,
				2FF7447A1F93EEDC009115D0 /* Release */,
			);
			defaultConfigurationIsVisible = 0;
			defaultConfigurationName = Release;
		};
/* End XCConfigurationList section */
	};
	rootObject = 2FF744691F93EEDC009115D0 /* Project object */;
}
